
Microsoft Visual Studio Solution File, Format Version 12.00
# Visual Studio Version 17
VisualStudioVersion = 17.1.32407.343
MinimumVisualStudioVersion = 10.0.40219.1
Project("{2150E333-8FDC-42A3-9474-1A3956D46DE8}") = "Microservices", "Microservices", "{22FBBBC9-16E5-4CED-8B7F-82B9144405C4}"
EndProject
Project("{2150E333-8FDC-42A3-9474-1A3956D46DE8}") = "LoginAPI", "LoginAPI", "{9859732C-84E3-4614-93D7-E2A559981D3B}"
	ProjectSection(SolutionItems) = preProject
		Microservice\Login\Dockerfile = Microservice\Login\Dockerfile
	EndProjectSection
EndProject
Project("{2150E333-8FDC-42A3-9474-1A3956D46DE8}") = "MicroserviceDockerAPI", "MicroserviceDockerAPI", "{948DDD77-7CBB-4E47-A159-6526AB17E043}"
EndProject
Project("{9A19103F-16F7-4668-BE54-9A1E7A4F7556}") = "Login.API", "Microservice\Login\LoginAPI\Login.API.csproj", "{543D56D7-F13A-4A1E-A46A-E31ECBD57181}"
EndProject
Project("{9A19103F-16F7-4668-BE54-9A1E7A4F7556}") = "Login.Infrastructure", "Microservice\Login\Login.Infrastructure\Login.Infrastructure.csproj", "{24E870FB-117D-4D77-9AEF-877EC2D7A8C0}"
EndProject
Project("{9A19103F-16F7-4668-BE54-9A1E7A4F7556}") = "Login.Application", "Microservice\Login\Login.Application\Login.Application.csproj", "{3EC736E3-6C7C-4FAA-A8F0-D863D9B93B34}"
EndProject
Project("{9A19103F-16F7-4668-BE54-9A1E7A4F7556}") = "Login.Domain", "Microservice\Login\Login.Domain\Login.Domain.csproj", "{7542BBBD-6E95-4F7D-9D0E-B74299B46315}"
EndProject
Project("{9A19103F-16F7-4668-BE54-9A1E7A4F7556}") = "Infrastructure", "Microservice\MicroservicePracticeWithDocker\Infrastructure\Infrastructure.csproj", "{D460CE7E-EFF2-4892-AB75-E3B3ECFF150F}"
EndProject
Project("{9A19103F-16F7-4668-BE54-9A1E7A4F7556}") = "Application", "Microservice\MicroservicePracticeWithDocker\Application\Application.csproj", "{4FF01715-7E3B-4525-8870-C9F597D69E77}"
EndProject
Project("{9A19103F-16F7-4668-BE54-9A1E7A4F7556}") = "Domain", "Microservice\MicroservicePracticeWithDocker\Domain\Domain.csproj", "{1817BF09-11B5-4876-87D2-A402E810F39C}"
EndProject
Project("{9A19103F-16F7-4668-BE54-9A1E7A4F7556}") = "API", "Microservice\MicroservicePracticeWithDocker\API\API.csproj", "{EABDD463-299A-4609-806D-C41E6646E808}"
EndProject
Project("{E53339B2-1760-4266-BCC7-CA923CBCF16C}") = "docker-compose", "docker-compose.dcproj", "{1E216176-3855-42D0-B4A6-15EE36E53459}"
EndProject
Project("{2150E333-8FDC-42A3-9474-1A3956D46DE8}") = "Solution Items", "Solution Items", "{CA4B4AF0-5EEB-4D46-8405-D795C7BB4EDA}"
	ProjectSection(SolutionItems) = preProject
		Dockerfile = Dockerfile
	EndProjectSection
EndProject
Global
	GlobalSection(SolutionConfigurationPlatforms) = preSolution
		Debug|Any CPU = Debug|Any CPU
		Release|Any CPU = Release|Any CPU
	EndGlobalSection
	GlobalSection(ProjectConfigurationPlatforms) = postSolution
		{543D56D7-F13A-4A1E-A46A-E31ECBD57181}.Debug|Any CPU.ActiveCfg = Debug|Any CPU
		{543D56D7-F13A-4A1E-A46A-E31ECBD57181}.Debug|Any CPU.Build.0 = Debug|Any CPU
		{543D56D7-F13A-4A1E-A46A-E31ECBD57181}.Release|Any CPU.ActiveCfg = Release|Any CPU
		{543D56D7-F13A-4A1E-A46A-E31ECBD57181}.Release|Any CPU.Build.0 = Release|Any CPU
		{24E870FB-117D-4D77-9AEF-877EC2D7A8C0}.Debug|Any CPU.ActiveCfg = Debug|Any CPU
		{24E870FB-117D-4D77-9AEF-877EC2D7A8C0}.Debug|Any CPU.Build.0 = Debug|Any CPU
		{24E870FB-117D-4D77-9AEF-877EC2D7A8C0}.Release|Any CPU.ActiveCfg = Release|Any CPU
		{24E870FB-117D-4D77-9AEF-877EC2D7A8C0}.Release|Any CPU.Build.0 = Release|Any CPU
		{3EC736E3-6C7C-4FAA-A8F0-D863D9B93B34}.Debug|Any CPU.ActiveCfg = Debug|Any CPU
		{3EC736E3-6C7C-4FAA-A8F0-D863D9B93B34}.Debug|Any CPU.Build.0 = Debug|Any CPU
		{3EC736E3-6C7C-4FAA-A8F0-D863D9B93B34}.Release|Any CPU.ActiveCfg = Release|Any CPU
		{3EC736E3-6C7C-4FAA-A8F0-D863D9B93B34}.Release|Any CPU.Build.0 = Release|Any CPU
		{7542BBBD-6E95-4F7D-9D0E-B74299B46315}.Debug|Any CPU.ActiveCfg = Debug|Any CPU
		{7542BBBD-6E95-4F7D-9D0E-B74299B46315}.Debug|Any CPU.Build.0 = Debug|Any CPU
		{7542BBBD-6E95-4F7D-9D0E-B74299B46315}.Release|Any CPU.ActiveCfg = Release|Any CPU
		{7542BBBD-6E95-4F7D-9D0E-B74299B46315}.Release|Any CPU.Build.0 = Release|Any CPU
		{D460CE7E-EFF2-4892-AB75-E3B3ECFF150F}.Debug|Any CPU.ActiveCfg = Debug|Any CPU
		{D460CE7E-EFF2-4892-AB75-E3B3ECFF150F}.Debug|Any CPU.Build.0 = Debug|Any CPU
		{D460CE7E-EFF2-4892-AB75-E3B3ECFF150F}.Release|Any CPU.ActiveCfg = Release|Any CPU
		{D460CE7E-EFF2-4892-AB75-E3B3ECFF150F}.Release|Any CPU.Build.0 = Release|Any CPU
		{4FF01715-7E3B-4525-8870-C9F597D69E77}.Debug|Any CPU.ActiveCfg = Debug|Any CPU
		{4FF01715-7E3B-4525-8870-C9F597D69E77}.Debug|Any CPU.Build.0 = Debug|Any CPU
		{4FF01715-7E3B-4525-8870-C9F597D69E77}.Release|Any CPU.ActiveCfg = Release|Any CPU
		{4FF01715-7E3B-4525-8870-C9F597D69E77}.Release|Any CPU.Build.0 = Release|Any CPU
		{1817BF09-11B5-4876-87D2-A402E810F39C}.Debug|Any CPU.ActiveCfg = Debug|Any CPU
		{1817BF09-11B5-4876-87D2-A402E810F39C}.Debug|Any CPU.Build.0 = Debug|Any CPU
		{1817BF09-11B5-4876-87D2-A402E810F39C}.Release|Any CPU.ActiveCfg = Release|Any CPU
		{1817BF09-11B5-4876-87D2-A402E810F39C}.Release|Any CPU.Build.0 = Release|Any CPU
		{EABDD463-299A-4609-806D-C41E6646E808}.Debug|Any CPU.ActiveCfg = Debug|Any CPU
		{EABDD463-299A-4609-806D-C41E6646E808}.Debug|Any CPU.Build.0 = Debug|Any CPU
		{EABDD463-299A-4609-806D-C41E6646E808}.Release|Any CPU.ActiveCfg = Release|Any CPU
		{EABDD463-299A-4609-806D-C41E6646E808}.Release|Any CPU.Build.0 = Release|Any CPU
		{1E216176-3855-42D0-B4A6-15EE36E53459}.Debug|Any CPU.ActiveCfg = Debug|Any CPU
		{1E216176-3855-42D0-B4A6-15EE36E53459}.Debug|Any CPU.Build.0 = Debug|Any CPU
		{1E216176-3855-42D0-B4A6-15EE36E53459}.Release|Any CPU.ActiveCfg = Release|Any CPU
		{1E216176-3855-42D0-B4A6-15EE36E53459}.Release|Any CPU.Build.0 = Release|Any CPU
	EndGlobalSection
	GlobalSection(SolutionProperties) = preSolution
		HideSolutionNode = FALSE
	EndGlobalSection
	GlobalSection(NestedProjects) = preSolution
		{9859732C-84E3-4614-93D7-E2A559981D3B} = {22FBBBC9-16E5-4CED-8B7F-82B9144405C4}
		{948DDD77-7CBB-4E47-A159-6526AB17E043} = {22FBBBC9-16E5-4CED-8B7F-82B9144405C4}
		{543D56D7-F13A-4A1E-A46A-E31ECBD57181} = {9859732C-84E3-4614-93D7-E2A559981D3B}
		{24E870FB-117D-4D77-9AEF-877EC2D7A8C0} = {9859732C-84E3-4614-93D7-E2A559981D3B}
		{3EC736E3-6C7C-4FAA-A8F0-D863D9B93B34} = {9859732C-84E3-4614-93D7-E2A559981D3B}
		{7542BBBD-6E95-4F7D-9D0E-B74299B46315} = {9859732C-84E3-4614-93D7-E2A559981D3B}
		{D460CE7E-EFF2-4892-AB75-E3B3ECFF150F} = {948DDD77-7CBB-4E47-A159-6526AB17E043}
		{4FF01715-7E3B-4525-8870-C9F597D69E77} = {948DDD77-7CBB-4E47-A159-6526AB17E043}
		{1817BF09-11B5-4876-87D2-A402E810F39C} = {948DDD77-7CBB-4E47-A159-6526AB17E043}
		{EABDD463-299A-4609-806D-C41E6646E808} = {948DDD77-7CBB-4E47-A159-6526AB17E043}
	EndGlobalSection
	GlobalSection(ExtensibilityGlobals) = postSolution
		SolutionGuid = {5A6977E4-73BD-4B44-A4F4-42D11E36508A}
	EndGlobalSection
EndGlobal
