
Microsoft Visual Studio Solution File, Format Version 12.00
# Visual Studio Version 17
VisualStudioVersion = 17.1.32407.343
MinimumVisualStudioVersion = 10.0.40219.1
Project("{9A19103F-16F7-4668-BE54-9A1E7A4F7556}") = "API", "WebApplication1\API.csproj", "{3E2AFCD6-E8BF-411D-9AA0-5BB3B41E1EF0}"
EndProject
Project("{9A19103F-16F7-4668-BE54-9A1E7A4F7556}") = "Domain", "Domain\Domain.csproj", "{C30F33B9-8890-4245-B7D8-3A39FFACE85F}"
EndProject
Project("{9A19103F-16F7-4668-BE54-9A1E7A4F7556}") = "Application", "Application\Application.csproj", "{8F5CC25C-F83D-4D35-A924-522D80AEA501}"
EndProject
Project("{9A19103F-16F7-4668-BE54-9A1E7A4F7556}") = "Infrastructure", "Infrastructure\Infrastructure.csproj", "{2077DDBE-39B5-4097-9857-D00230DE0B0C}"
EndProject
Project("{2150E333-8FDC-42A3-9474-1A3956D46DE8}") = "Microservices", "Microservices", "{22FBBBC9-16E5-4CED-8B7F-82B9144405C4}"
EndProject
Project("{2150E333-8FDC-42A3-9474-1A3956D46DE8}") = "LoginAPI", "LoginAPI", "{9859732C-84E3-4614-93D7-E2A559981D3B}"
EndProject
Project("{2150E333-8FDC-42A3-9474-1A3956D46DE8}") = "MicroserviceDockerAPI", "MicroserviceDockerAPI", "{948DDD77-7CBB-4E47-A159-6526AB17E043}"
EndProject
Project("{9A19103F-16F7-4668-BE54-9A1E7A4F7556}") = "Login.API", "LoginAPI\Login.API.csproj", "{590AA7F0-86C1-499B-9D65-567B1E170309}"
EndProject
Project("{9A19103F-16F7-4668-BE54-9A1E7A4F7556}") = "Login.Domain", "Login.Domain\Login.Domain.csproj", "{5AE661C2-E0FF-4C7F-B52E-89F8CE3F5066}"
EndProject
Project("{9A19103F-16F7-4668-BE54-9A1E7A4F7556}") = "Login.Application", "Login.Application\Login.Application.csproj", "{CC1A3DF8-5000-4E03-870C-7CC0273937D8}"
EndProject
Project("{9A19103F-16F7-4668-BE54-9A1E7A4F7556}") = "Login.Infrastructure", "Login.Infrastructure\Login.Infrastructure.csproj", "{2CB914CA-90A9-4FEB-A499-9C085BD37169}"
EndProject
Project("{2150E333-8FDC-42A3-9474-1A3956D46DE8}") = "MinimalAPIForAdhoc", "MinimalAPIForAdhoc", "{8F2BFC0B-A13F-48F4-87BF-15E411E36D21}"
EndProject
Project("{FAE04EC0-301F-11D3-BF4B-00C04F79EFBC}") = "ADhocInfoAPI", "ADhocInfoAPI\ADhocInfoAPI.csproj", "{DB9979C0-60DE-491C-88D4-EA44FE73CC95}"
EndProject
Global
	GlobalSection(SolutionConfigurationPlatforms) = preSolution
		Debug|Any CPU = Debug|Any CPU
		Release|Any CPU = Release|Any CPU
	EndGlobalSection
	GlobalSection(ProjectConfigurationPlatforms) = postSolution
		{3E2AFCD6-E8BF-411D-9AA0-5BB3B41E1EF0}.Debug|Any CPU.ActiveCfg = Debug|Any CPU
		{3E2AFCD6-E8BF-411D-9AA0-5BB3B41E1EF0}.Debug|Any CPU.Build.0 = Debug|Any CPU
		{3E2AFCD6-E8BF-411D-9AA0-5BB3B41E1EF0}.Release|Any CPU.ActiveCfg = Release|Any CPU
		{3E2AFCD6-E8BF-411D-9AA0-5BB3B41E1EF0}.Release|Any CPU.Build.0 = Release|Any CPU
		{C30F33B9-8890-4245-B7D8-3A39FFACE85F}.Debug|Any CPU.ActiveCfg = Debug|Any CPU
		{C30F33B9-8890-4245-B7D8-3A39FFACE85F}.Debug|Any CPU.Build.0 = Debug|Any CPU
		{C30F33B9-8890-4245-B7D8-3A39FFACE85F}.Release|Any CPU.ActiveCfg = Release|Any CPU
		{C30F33B9-8890-4245-B7D8-3A39FFACE85F}.Release|Any CPU.Build.0 = Release|Any CPU
		{8F5CC25C-F83D-4D35-A924-522D80AEA501}.Debug|Any CPU.ActiveCfg = Debug|Any CPU
		{8F5CC25C-F83D-4D35-A924-522D80AEA501}.Debug|Any CPU.Build.0 = Debug|Any CPU
		{8F5CC25C-F83D-4D35-A924-522D80AEA501}.Release|Any CPU.ActiveCfg = Release|Any CPU
		{8F5CC25C-F83D-4D35-A924-522D80AEA501}.Release|Any CPU.Build.0 = Release|Any CPU
		{2077DDBE-39B5-4097-9857-D00230DE0B0C}.Debug|Any CPU.ActiveCfg = Debug|Any CPU
		{2077DDBE-39B5-4097-9857-D00230DE0B0C}.Debug|Any CPU.Build.0 = Debug|Any CPU
		{2077DDBE-39B5-4097-9857-D00230DE0B0C}.Release|Any CPU.ActiveCfg = Release|Any CPU
		{2077DDBE-39B5-4097-9857-D00230DE0B0C}.Release|Any CPU.Build.0 = Release|Any CPU
		{590AA7F0-86C1-499B-9D65-567B1E170309}.Debug|Any CPU.ActiveCfg = Debug|Any CPU
		{590AA7F0-86C1-499B-9D65-567B1E170309}.Debug|Any CPU.Build.0 = Debug|Any CPU
		{590AA7F0-86C1-499B-9D65-567B1E170309}.Release|Any CPU.ActiveCfg = Release|Any CPU
		{590AA7F0-86C1-499B-9D65-567B1E170309}.Release|Any CPU.Build.0 = Release|Any CPU
		{5AE661C2-E0FF-4C7F-B52E-89F8CE3F5066}.Debug|Any CPU.ActiveCfg = Debug|Any CPU
		{5AE661C2-E0FF-4C7F-B52E-89F8CE3F5066}.Debug|Any CPU.Build.0 = Debug|Any CPU
		{5AE661C2-E0FF-4C7F-B52E-89F8CE3F5066}.Release|Any CPU.ActiveCfg = Release|Any CPU
		{5AE661C2-E0FF-4C7F-B52E-89F8CE3F5066}.Release|Any CPU.Build.0 = Release|Any CPU
		{CC1A3DF8-5000-4E03-870C-7CC0273937D8}.Debug|Any CPU.ActiveCfg = Debug|Any CPU
		{CC1A3DF8-5000-4E03-870C-7CC0273937D8}.Debug|Any CPU.Build.0 = Debug|Any CPU
		{CC1A3DF8-5000-4E03-870C-7CC0273937D8}.Release|Any CPU.ActiveCfg = Release|Any CPU
		{CC1A3DF8-5000-4E03-870C-7CC0273937D8}.Release|Any CPU.Build.0 = Release|Any CPU
		{2CB914CA-90A9-4FEB-A499-9C085BD37169}.Debug|Any CPU.ActiveCfg = Debug|Any CPU
		{2CB914CA-90A9-4FEB-A499-9C085BD37169}.Debug|Any CPU.Build.0 = Debug|Any CPU
		{2CB914CA-90A9-4FEB-A499-9C085BD37169}.Release|Any CPU.ActiveCfg = Release|Any CPU
		{2CB914CA-90A9-4FEB-A499-9C085BD37169}.Release|Any CPU.Build.0 = Release|Any CPU
		{DB9979C0-60DE-491C-88D4-EA44FE73CC95}.Debug|Any CPU.ActiveCfg = Debug|Any CPU
		{DB9979C0-60DE-491C-88D4-EA44FE73CC95}.Debug|Any CPU.Build.0 = Debug|Any CPU
		{DB9979C0-60DE-491C-88D4-EA44FE73CC95}.Release|Any CPU.ActiveCfg = Release|Any CPU
		{DB9979C0-60DE-491C-88D4-EA44FE73CC95}.Release|Any CPU.Build.0 = Release|Any CPU
	EndGlobalSection
	GlobalSection(SolutionProperties) = preSolution
		HideSolutionNode = FALSE
	EndGlobalSection
	GlobalSection(NestedProjects) = preSolution
		{3E2AFCD6-E8BF-411D-9AA0-5BB3B41E1EF0} = {948DDD77-7CBB-4E47-A159-6526AB17E043}
		{C30F33B9-8890-4245-B7D8-3A39FFACE85F} = {948DDD77-7CBB-4E47-A159-6526AB17E043}
		{8F5CC25C-F83D-4D35-A924-522D80AEA501} = {948DDD77-7CBB-4E47-A159-6526AB17E043}
		{2077DDBE-39B5-4097-9857-D00230DE0B0C} = {948DDD77-7CBB-4E47-A159-6526AB17E043}
		{9859732C-84E3-4614-93D7-E2A559981D3B} = {22FBBBC9-16E5-4CED-8B7F-82B9144405C4}
		{948DDD77-7CBB-4E47-A159-6526AB17E043} = {22FBBBC9-16E5-4CED-8B7F-82B9144405C4}
		{590AA7F0-86C1-499B-9D65-567B1E170309} = {9859732C-84E3-4614-93D7-E2A559981D3B}
		{5AE661C2-E0FF-4C7F-B52E-89F8CE3F5066} = {9859732C-84E3-4614-93D7-E2A559981D3B}
		{CC1A3DF8-5000-4E03-870C-7CC0273937D8} = {9859732C-84E3-4614-93D7-E2A559981D3B}
		{2CB914CA-90A9-4FEB-A499-9C085BD37169} = {9859732C-84E3-4614-93D7-E2A559981D3B}
		{DB9979C0-60DE-491C-88D4-EA44FE73CC95} = {8F2BFC0B-A13F-48F4-87BF-15E411E36D21}
	EndGlobalSection
	GlobalSection(ExtensibilityGlobals) = postSolution
		SolutionGuid = {5A6977E4-73BD-4B44-A4F4-42D11E36508A}
	EndGlobalSection
EndGlobal
